
Microsoft Visual Studio Solution File, Format Version 12.00
# Visual Studio 2012
Project("{2150E333-8FDC-42A3-9474-1A3956D46DE8}") = "Plugins", "Plugins", "{0ABD085B-03F5-4718-BEE6-BCF42C150BFF}"
EndProject
Project("{FAE04EC0-301F-11D3-BF4B-00C04F79EFBC}") = "Eightball", "SharpIRC\plugins\8ball\Eightball.csproj", "{D5465FCF-0B96-4D78-98D8-14CDE65677CD}"
EndProject
Project("{FAE04EC0-301F-11D3-BF4B-00C04F79EFBC}") = "Autojoin", "SharpIRC\plugins\Autojoin\Autojoin.csproj", "{D2F040DF-D7F4-4A38-A636-158EF98BF783}"
EndProject
Project("{FAE04EC0-301F-11D3-BF4B-00C04F79EFBC}") = "GoogleServices", "SharpIRC\plugins\Calc\GoogleServices.csproj", "{288001CD-C5D5-4236-8F6C-2728B5BC801C}"
EndProject
Project("{FAE04EC0-301F-11D3-BF4B-00C04F79EFBC}") = "Clone", "SharpIRC\plugins\Clone\Clone.csproj", "{204D648D-3FCB-4950-9E26-5042850D08F0}"
EndProject
Project("{FAE04EC0-301F-11D3-BF4B-00C04F79EFBC}") = "Giveaway", "SharpIRC\plugins\Giveaway\Giveaway.csproj", "{F80A6F9A-9952-4B22-81B7-2FA300E7706A}"
EndProject
Project("{FAE04EC0-301F-11D3-BF4B-00C04F79EFBC}") = "Google", "SharpIRC\plugins\Google\Google.csproj", "{8A8DE0F5-6ADC-4010-911F-B6BC9F1EDF37}"
EndProject
Project("{FAE04EC0-301F-11D3-BF4B-00C04F79EFBC}") = "Love-Hate", "SharpIRC\plugins\Love-Hate\Love-Hate.csproj", "{7B4BFE82-A34F-4B04-AD82-48B93BD731B0}"
EndProject
Project("{FAE04EC0-301F-11D3-BF4B-00C04F79EFBC}") = "QuoteSystem", "SharpIRC\plugins\QuoteSystem\QuoteSystem.csproj", "{87532D51-6272-4691-B254-79354DDFD02A}"
EndProject
Project("{FAE04EC0-301F-11D3-BF4B-00C04F79EFBC}") = "RSS", "SharpIRC\plugins\RSS\RSS.csproj", "{FA27737A-C650-4EC5-8392-D86A6B07C86D}"
EndProject
Project("{FAE04EC0-301F-11D3-BF4B-00C04F79EFBC}") = "Steam", "SharpIRC\plugins\Steam\Steam.csproj", "{79615093-1B8A-4B47-8A27-29AF5B0FB4F9}"
EndProject
Project("{FAE04EC0-301F-11D3-BF4B-00C04F79EFBC}") = "Triggers", "SharpIRC\plugins\Triggers\Triggers.csproj", "{297FD14D-BDE5-4EC9-9688-500A8F4FF19B}"
EndProject
Project("{FAE04EC0-301F-11D3-BF4B-00C04F79EFBC}") = "Topic", "SharpIRC\plugins\Topic\Topic.csproj", "{B642A649-DF73-4428-ADEA-845A50341914}"
EndProject
Project("{FAE04EC0-301F-11D3-BF4B-00C04F79EFBC}") = "Wikipedia", "SharpIRC\plugins\Wikipedia\Wikipedia.csproj", "{E88C935B-2F68-412B-A3F2-9D84A048EAAC}"
EndProject
Project("{FAE04EC0-301F-11D3-BF4B-00C04F79EFBC}") = "YouTube", "SharpIRC\plugins\YouTube\YouTube.csproj", "{63A44D94-7C89-45F8-A752-276547EC786B}"
EndProject
Project("{FAE04EC0-301F-11D3-BF4B-00C04F79EFBC}") = "Cognize.GoogleSearchAPIIntegration", "SharpIRC\Cognize.GoogleSearchAPIIntegration\Cognize.GoogleSearchAPIIntegration.csproj", "{299A46BA-1E61-4768-91D0-A426F97E3C99}"
EndProject
Project("{FAE04EC0-301F-11D3-BF4B-00C04F79EFBC}") = "SharpIRC", "SharpIRC\SharpIRC.csproj", "{2BC84B5D-7077-4025-82E4-8488DE33DBFD}"
EndProject
Project("{FAE04EC0-301F-11D3-BF4B-00C04F79EFBC}") = "TV", "SharpIRC\plugins\TV\TV.csproj", "{8508509D-2445-420B-AEF9-2E8DEE7C6EBE}"
EndProject
Project("{FAE04EC0-301F-11D3-BF4B-00C04F79EFBC}") = "LinkScanner", "SharpIRC\plugins\LinkScanner\LinkScanner.csproj", "{EB6B3354-6229-4803-A782-476864974096}"
EndProject
Project("{FAE04EC0-301F-11D3-BF4B-00C04F79EFBC}") = "Essentials", "SharpIRC\plugins\Essentials\Essentials.csproj", "{A4F66867-A447-42A1-AB02-C9571BF7B116}"
EndProject
Project("{FAE04EC0-301F-11D3-BF4B-00C04F79EFBC}") = "Help", "SharpIRC\plugins\Help\Help.csproj", "{0C7FB50A-01E0-4DC3-B79B-3A53895F5D1E}"
EndProject
Project("{FAE04EC0-301F-11D3-BF4B-00C04F79EFBC}") = "Sysinfo", "SharpIRC\plugins\Uptime\Sysinfo.csproj", "{460073A2-6D41-42CF-9971-9A4F5A88ED67}"
EndProject
Global
	GlobalSection(SolutionConfigurationPlatforms) = preSolution
		Debug|Any CPU = Debug|Any CPU
		Release|Any CPU = Release|Any CPU
	EndGlobalSection
	GlobalSection(ProjectConfigurationPlatforms) = postSolution
		{D5465FCF-0B96-4D78-98D8-14CDE65677CD}.Debug|Any CPU.ActiveCfg = Debug|Any CPU
		{D5465FCF-0B96-4D78-98D8-14CDE65677CD}.Debug|Any CPU.Build.0 = Debug|Any CPU
		{D5465FCF-0B96-4D78-98D8-14CDE65677CD}.Release|Any CPU.ActiveCfg = Release|Any CPU
		{D5465FCF-0B96-4D78-98D8-14CDE65677CD}.Release|Any CPU.Build.0 = Release|Any CPU
		{D2F040DF-D7F4-4A38-A636-158EF98BF783}.Debug|Any CPU.ActiveCfg = Debug|Any CPU
		{D2F040DF-D7F4-4A38-A636-158EF98BF783}.Debug|Any CPU.Build.0 = Debug|Any CPU
		{D2F040DF-D7F4-4A38-A636-158EF98BF783}.Release|Any CPU.ActiveCfg = Release|Any CPU
		{D2F040DF-D7F4-4A38-A636-158EF98BF783}.Release|Any CPU.Build.0 = Release|Any CPU
		{288001CD-C5D5-4236-8F6C-2728B5BC801C}.Debug|Any CPU.ActiveCfg = Debug|Any CPU
		{288001CD-C5D5-4236-8F6C-2728B5BC801C}.Debug|Any CPU.Build.0 = Debug|Any CPU
		{288001CD-C5D5-4236-8F6C-2728B5BC801C}.Release|Any CPU.ActiveCfg = Release|Any CPU
		{288001CD-C5D5-4236-8F6C-2728B5BC801C}.Release|Any CPU.Build.0 = Release|Any CPU
		{204D648D-3FCB-4950-9E26-5042850D08F0}.Debug|Any CPU.ActiveCfg = Debug|Any CPU
		{204D648D-3FCB-4950-9E26-5042850D08F0}.Debug|Any CPU.Build.0 = Debug|Any CPU
		{204D648D-3FCB-4950-9E26-5042850D08F0}.Release|Any CPU.ActiveCfg = Release|Any CPU
		{204D648D-3FCB-4950-9E26-5042850D08F0}.Release|Any CPU.Build.0 = Release|Any CPU
		{F80A6F9A-9952-4B22-81B7-2FA300E7706A}.Debug|Any CPU.ActiveCfg = Debug|Any CPU
		{F80A6F9A-9952-4B22-81B7-2FA300E7706A}.Debug|Any CPU.Build.0 = Debug|Any CPU
		{F80A6F9A-9952-4B22-81B7-2FA300E7706A}.Release|Any CPU.ActiveCfg = Release|Any CPU
		{F80A6F9A-9952-4B22-81B7-2FA300E7706A}.Release|Any CPU.Build.0 = Release|Any CPU
		{8A8DE0F5-6ADC-4010-911F-B6BC9F1EDF37}.Debug|Any CPU.ActiveCfg = Debug|Any CPU
		{8A8DE0F5-6ADC-4010-911F-B6BC9F1EDF37}.Debug|Any CPU.Build.0 = Debug|Any CPU
		{8A8DE0F5-6ADC-4010-911F-B6BC9F1EDF37}.Release|Any CPU.ActiveCfg = Release|Any CPU
		{8A8DE0F5-6ADC-4010-911F-B6BC9F1EDF37}.Release|Any CPU.Build.0 = Release|Any CPU
		{7B4BFE82-A34F-4B04-AD82-48B93BD731B0}.Debug|Any CPU.ActiveCfg = Debug|Any CPU
		{7B4BFE82-A34F-4B04-AD82-48B93BD731B0}.Debug|Any CPU.Build.0 = Debug|Any CPU
		{7B4BFE82-A34F-4B04-AD82-48B93BD731B0}.Release|Any CPU.ActiveCfg = Release|Any CPU
		{7B4BFE82-A34F-4B04-AD82-48B93BD731B0}.Release|Any CPU.Build.0 = Release|Any CPU
		{87532D51-6272-4691-B254-79354DDFD02A}.Debug|Any CPU.ActiveCfg = Debug|Any CPU
		{87532D51-6272-4691-B254-79354DDFD02A}.Debug|Any CPU.Build.0 = Debug|Any CPU
		{87532D51-6272-4691-B254-79354DDFD02A}.Release|Any CPU.ActiveCfg = Release|Any CPU
		{87532D51-6272-4691-B254-79354DDFD02A}.Release|Any CPU.Build.0 = Release|Any CPU
		{FA27737A-C650-4EC5-8392-D86A6B07C86D}.Debug|Any CPU.ActiveCfg = Debug|Any CPU
		{FA27737A-C650-4EC5-8392-D86A6B07C86D}.Debug|Any CPU.Build.0 = Debug|Any CPU
		{FA27737A-C650-4EC5-8392-D86A6B07C86D}.Release|Any CPU.ActiveCfg = Release|Any CPU
		{FA27737A-C650-4EC5-8392-D86A6B07C86D}.Release|Any CPU.Build.0 = Release|Any CPU
		{79615093-1B8A-4B47-8A27-29AF5B0FB4F9}.Debug|Any CPU.ActiveCfg = Debug|Any CPU
		{79615093-1B8A-4B47-8A27-29AF5B0FB4F9}.Debug|Any CPU.Build.0 = Debug|Any CPU
		{79615093-1B8A-4B47-8A27-29AF5B0FB4F9}.Release|Any CPU.ActiveCfg = Release|Any CPU
		{79615093-1B8A-4B47-8A27-29AF5B0FB4F9}.Release|Any CPU.Build.0 = Release|Any CPU
		{297FD14D-BDE5-4EC9-9688-500A8F4FF19B}.Debug|Any CPU.ActiveCfg = Debug|Any CPU
		{297FD14D-BDE5-4EC9-9688-500A8F4FF19B}.Debug|Any CPU.Build.0 = Debug|Any CPU
		{297FD14D-BDE5-4EC9-9688-500A8F4FF19B}.Release|Any CPU.ActiveCfg = Release|Any CPU
		{297FD14D-BDE5-4EC9-9688-500A8F4FF19B}.Release|Any CPU.Build.0 = Release|Any CPU
		{B642A649-DF73-4428-ADEA-845A50341914}.Debug|Any CPU.ActiveCfg = Debug|Any CPU
		{B642A649-DF73-4428-ADEA-845A50341914}.Debug|Any CPU.Build.0 = Debug|Any CPU
		{B642A649-DF73-4428-ADEA-845A50341914}.Release|Any CPU.ActiveCfg = Release|Any CPU
		{B642A649-DF73-4428-ADEA-845A50341914}.Release|Any CPU.Build.0 = Release|Any CPU
		{E88C935B-2F68-412B-A3F2-9D84A048EAAC}.Debug|Any CPU.ActiveCfg = Debug|Any CPU
		{E88C935B-2F68-412B-A3F2-9D84A048EAAC}.Debug|Any CPU.Build.0 = Debug|Any CPU
		{E88C935B-2F68-412B-A3F2-9D84A048EAAC}.Release|Any CPU.ActiveCfg = Release|Any CPU
		{E88C935B-2F68-412B-A3F2-9D84A048EAAC}.Release|Any CPU.Build.0 = Release|Any CPU
		{63A44D94-7C89-45F8-A752-276547EC786B}.Debug|Any CPU.ActiveCfg = Debug|Any CPU
		{63A44D94-7C89-45F8-A752-276547EC786B}.Debug|Any CPU.Build.0 = Debug|Any CPU
		{63A44D94-7C89-45F8-A752-276547EC786B}.Release|Any CPU.ActiveCfg = Release|Any CPU
		{63A44D94-7C89-45F8-A752-276547EC786B}.Release|Any CPU.Build.0 = Release|Any CPU
		{299A46BA-1E61-4768-91D0-A426F97E3C99}.Debug|Any CPU.ActiveCfg = Debug|Any CPU
		{299A46BA-1E61-4768-91D0-A426F97E3C99}.Debug|Any CPU.Build.0 = Debug|Any CPU
		{299A46BA-1E61-4768-91D0-A426F97E3C99}.Release|Any CPU.ActiveCfg = Release|Any CPU
		{299A46BA-1E61-4768-91D0-A426F97E3C99}.Release|Any CPU.Build.0 = Release|Any CPU
		{2BC84B5D-7077-4025-82E4-8488DE33DBFD}.Debug|Any CPU.ActiveCfg = Debug|Any CPU
		{2BC84B5D-7077-4025-82E4-8488DE33DBFD}.Debug|Any CPU.Build.0 = Debug|Any CPU
		{2BC84B5D-7077-4025-82E4-8488DE33DBFD}.Release|Any CPU.ActiveCfg = Release|Any CPU
		{2BC84B5D-7077-4025-82E4-8488DE33DBFD}.Release|Any CPU.Build.0 = Release|Any CPU
		{8508509D-2445-420B-AEF9-2E8DEE7C6EBE}.Debug|Any CPU.ActiveCfg = Debug|Any CPU
		{8508509D-2445-420B-AEF9-2E8DEE7C6EBE}.Debug|Any CPU.Build.0 = Debug|Any CPU
		{8508509D-2445-420B-AEF9-2E8DEE7C6EBE}.Release|Any CPU.ActiveCfg = Release|Any CPU
		{8508509D-2445-420B-AEF9-2E8DEE7C6EBE}.Release|Any CPU.Build.0 = Release|Any CPU
		{EB6B3354-6229-4803-A782-476864974096}.Debug|Any CPU.ActiveCfg = Debug|Any CPU
		{EB6B3354-6229-4803-A782-476864974096}.Debug|Any CPU.Build.0 = Debug|Any CPU
		{EB6B3354-6229-4803-A782-476864974096}.Release|Any CPU.ActiveCfg = Release|Any CPU
		{EB6B3354-6229-4803-A782-476864974096}.Release|Any CPU.Build.0 = Release|Any CPU
		{A4F66867-A447-42A1-AB02-C9571BF7B116}.Debug|Any CPU.ActiveCfg = Debug|Any CPU
		{A4F66867-A447-42A1-AB02-C9571BF7B116}.Debug|Any CPU.Build.0 = Debug|Any CPU
		{A4F66867-A447-42A1-AB02-C9571BF7B116}.Release|Any CPU.ActiveCfg = Release|Any CPU
		{A4F66867-A447-42A1-AB02-C9571BF7B116}.Release|Any CPU.Build.0 = Release|Any CPU
		{0C7FB50A-01E0-4DC3-B79B-3A53895F5D1E}.Debug|Any CPU.ActiveCfg = Debug|Any CPU
		{0C7FB50A-01E0-4DC3-B79B-3A53895F5D1E}.Debug|Any CPU.Build.0 = Debug|Any CPU
		{0C7FB50A-01E0-4DC3-B79B-3A53895F5D1E}.Release|Any CPU.ActiveCfg = Release|Any CPU
		{0C7FB50A-01E0-4DC3-B79B-3A53895F5D1E}.Release|Any CPU.Build.0 = Release|Any CPU
		{460073A2-6D41-42CF-9971-9A4F5A88ED67}.Debug|Any CPU.ActiveCfg = Debug|Any CPU
		{460073A2-6D41-42CF-9971-9A4F5A88ED67}.Debug|Any CPU.Build.0 = Debug|Any CPU
		{460073A2-6D41-42CF-9971-9A4F5A88ED67}.Release|Any CPU.ActiveCfg = Release|Any CPU
		{460073A2-6D41-42CF-9971-9A4F5A88ED67}.Release|Any CPU.Build.0 = Release|Any CPU
	EndGlobalSection
	GlobalSection(SolutionProperties) = preSolution
		HideSolutionNode = FALSE
	EndGlobalSection
	GlobalSection(NestedProjects) = preSolution
		{D5465FCF-0B96-4D78-98D8-14CDE65677CD} = {0ABD085B-03F5-4718-BEE6-BCF42C150BFF}
		{D2F040DF-D7F4-4A38-A636-158EF98BF783} = {0ABD085B-03F5-4718-BEE6-BCF42C150BFF}
		{288001CD-C5D5-4236-8F6C-2728B5BC801C} = {0ABD085B-03F5-4718-BEE6-BCF42C150BFF}
		{204D648D-3FCB-4950-9E26-5042850D08F0} = {0ABD085B-03F5-4718-BEE6-BCF42C150BFF}
		{F80A6F9A-9952-4B22-81B7-2FA300E7706A} = {0ABD085B-03F5-4718-BEE6-BCF42C150BFF}
		{8A8DE0F5-6ADC-4010-911F-B6BC9F1EDF37} = {0ABD085B-03F5-4718-BEE6-BCF42C150BFF}
		{7B4BFE82-A34F-4B04-AD82-48B93BD731B0} = {0ABD085B-03F5-4718-BEE6-BCF42C150BFF}
		{87532D51-6272-4691-B254-79354DDFD02A} = {0ABD085B-03F5-4718-BEE6-BCF42C150BFF}
		{FA27737A-C650-4EC5-8392-D86A6B07C86D} = {0ABD085B-03F5-4718-BEE6-BCF42C150BFF}
		{79615093-1B8A-4B47-8A27-29AF5B0FB4F9} = {0ABD085B-03F5-4718-BEE6-BCF42C150BFF}
		{297FD14D-BDE5-4EC9-9688-500A8F4FF19B} = {0ABD085B-03F5-4718-BEE6-BCF42C150BFF}
		{B642A649-DF73-4428-ADEA-845A50341914} = {0ABD085B-03F5-4718-BEE6-BCF42C150BFF}
		{E88C935B-2F68-412B-A3F2-9D84A048EAAC} = {0ABD085B-03F5-4718-BEE6-BCF42C150BFF}
		{63A44D94-7C89-45F8-A752-276547EC786B} = {0ABD085B-03F5-4718-BEE6-BCF42C150BFF}
		{8508509D-2445-420B-AEF9-2E8DEE7C6EBE} = {0ABD085B-03F5-4718-BEE6-BCF42C150BFF}
		{EB6B3354-6229-4803-A782-476864974096} = {0ABD085B-03F5-4718-BEE6-BCF42C150BFF}
		{A4F66867-A447-42A1-AB02-C9571BF7B116} = {0ABD085B-03F5-4718-BEE6-BCF42C150BFF}
		{0C7FB50A-01E0-4DC3-B79B-3A53895F5D1E} = {0ABD085B-03F5-4718-BEE6-BCF42C150BFF}
		{460073A2-6D41-42CF-9971-9A4F5A88ED67} = {0ABD085B-03F5-4718-BEE6-BCF42C150BFF}
	EndGlobalSection
	GlobalSection(ExtensibilityGlobals) = postSolution
		BuildVersion_BuildVersioningStyle = None.None.None.DeltaBaseDate
		BuildVersion_UpdateAssemblyVersion = True
		BuildVersion_UpdateFileVersion = True
	EndGlobalSection
	GlobalSection(SubversionScc) = preSolution
		Manager = AnkhSVN - Subversion Support for Visual Studio
		Svn-Managed = True
	EndGlobalSection
EndGlobal
